
Microsoft Visual Studio Solution File, Format Version 12.00
# Visual Studio 15
VisualStudioVersion = 15.0.27004.2009
MinimumVisualStudioVersion = 10.0.40219.1
Project("{8BC9CEB8-8B4A-11D0-8D11-00A0C91BC942}") = "TestDLL", "TestDLL\TestDLL.vcxproj", "{DDA07B9A-DA48-4D2F-8D50-415307A15738}"
EndProject
Project("{8BC9CEB8-8B4A-11D0-8D11-00A0C91BC942}") = "Common", "Common\Common.vcxproj", "{BC1EEB9F-1E6A-4E33-80CC-1242D4A3D0B1}"
EndProject
Project("{8BC9CEB8-8B4A-11D0-8D11-00A0C91BC942}") = "CppInterface", "CppInterface\CppInterface.vcxproj", "{07FF75C8-41E2-46AE-9971-C9D664389DA5}"
EndProject
Project("{888888A0-9F3D-457C-B088-3A5042F75D52}") = "LFConsole", "LFConsole\LFConsole.pyproj", "{B4F83DE0-D292-47AE-8F5F-16BFCCF5FBF3}"
EndProject
Project("{8BC9CEB8-8B4A-11D0-8D11-00A0C91BC942}") = "LoadDLL", "LoadDLL\LoadDLL.vcxproj", "{BA5DF3E2-0D91-4892-8899-4E0AF7D24B4C}"
EndProject
Project("{8BC9CEB8-8B4A-11D0-8D11-00A0C91BC942}") = "CheatDLL", "CheatDLL\CheatDLL.vcxproj", "{7C44EC0B-A089-43D9-ABB5-F09509BB05E9}"
EndProject
Global
	GlobalSection(SolutionConfigurationPlatforms) = preSolution
		Debug|Any CPU = Debug|Any CPU
		Debug|x64 = Debug|x64
		Debug|x86 = Debug|x86
		Release|Any CPU = Release|Any CPU
		Release|x64 = Release|x64
		Release|x86 = Release|x86
	EndGlobalSection
	GlobalSection(ProjectConfigurationPlatforms) = postSolution
		{DDA07B9A-DA48-4D2F-8D50-415307A15738}.Debug|Any CPU.ActiveCfg = Debug|Win32
		{DDA07B9A-DA48-4D2F-8D50-415307A15738}.Debug|x64.ActiveCfg = Debug|x64
		{DDA07B9A-DA48-4D2F-8D50-415307A15738}.Debug|x64.Build.0 = Debug|x64
		{DDA07B9A-DA48-4D2F-8D50-415307A15738}.Debug|x86.ActiveCfg = Debug|Win32
		{DDA07B9A-DA48-4D2F-8D50-415307A15738}.Debug|x86.Build.0 = Debug|Win32
		{DDA07B9A-DA48-4D2F-8D50-415307A15738}.Release|Any CPU.ActiveCfg = Release|Win32
		{DDA07B9A-DA48-4D2F-8D50-415307A15738}.Release|x64.ActiveCfg = Release|x64
		{DDA07B9A-DA48-4D2F-8D50-415307A15738}.Release|x64.Build.0 = Release|x64
		{DDA07B9A-DA48-4D2F-8D50-415307A15738}.Release|x86.ActiveCfg = Release|Win32
		{DDA07B9A-DA48-4D2F-8D50-415307A15738}.Release|x86.Build.0 = Release|Win32
		{BC1EEB9F-1E6A-4E33-80CC-1242D4A3D0B1}.Debug|Any CPU.ActiveCfg = Debug|Win32
		{BC1EEB9F-1E6A-4E33-80CC-1242D4A3D0B1}.Debug|x64.ActiveCfg = Debug|x64
		{BC1EEB9F-1E6A-4E33-80CC-1242D4A3D0B1}.Debug|x64.Build.0 = Debug|x64
		{BC1EEB9F-1E6A-4E33-80CC-1242D4A3D0B1}.Debug|x86.ActiveCfg = Debug|Win32
		{BC1EEB9F-1E6A-4E33-80CC-1242D4A3D0B1}.Debug|x86.Build.0 = Debug|Win32
		{BC1EEB9F-1E6A-4E33-80CC-1242D4A3D0B1}.Release|Any CPU.ActiveCfg = Release|Win32
		{BC1EEB9F-1E6A-4E33-80CC-1242D4A3D0B1}.Release|x64.ActiveCfg = Release|x64
		{BC1EEB9F-1E6A-4E33-80CC-1242D4A3D0B1}.Release|x64.Build.0 = Release|x64
		{BC1EEB9F-1E6A-4E33-80CC-1242D4A3D0B1}.Release|x86.ActiveCfg = Release|Win32
		{BC1EEB9F-1E6A-4E33-80CC-1242D4A3D0B1}.Release|x86.Build.0 = Release|Win32
		{07FF75C8-41E2-46AE-9971-C9D664389DA5}.Debug|Any CPU.ActiveCfg = Debug|Win32
		{07FF75C8-41E2-46AE-9971-C9D664389DA5}.Debug|x64.ActiveCfg = Debug|x64
		{07FF75C8-41E2-46AE-9971-C9D664389DA5}.Debug|x64.Build.0 = Debug|x64
		{07FF75C8-41E2-46AE-9971-C9D664389DA5}.Debug|x86.ActiveCfg = Debug|Win32
		{07FF75C8-41E2-46AE-9971-C9D664389DA5}.Debug|x86.Build.0 = Debug|Win32
		{07FF75C8-41E2-46AE-9971-C9D664389DA5}.Release|Any CPU.ActiveCfg = Release|Win32
		{07FF75C8-41E2-46AE-9971-C9D664389DA5}.Release|x64.ActiveCfg = Release|x64
		{07FF75C8-41E2-46AE-9971-C9D664389DA5}.Release|x64.Build.0 = Release|x64
		{07FF75C8-41E2-46AE-9971-C9D664389DA5}.Release|x86.ActiveCfg = Release|Win32
		{07FF75C8-41E2-46AE-9971-C9D664389DA5}.Release|x86.Build.0 = Release|Win32
		{B4F83DE0-D292-47AE-8F5F-16BFCCF5FBF3}.Debug|Any CPU.ActiveCfg = Debug|Any CPU
		{B4F83DE0-D292-47AE-8F5F-16BFCCF5FBF3}.Debug|x64.ActiveCfg = Debug|Any CPU
		{B4F83DE0-D292-47AE-8F5F-16BFCCF5FBF3}.Debug|x86.ActiveCfg = Debug|Any CPU
		{B4F83DE0-D292-47AE-8F5F-16BFCCF5FBF3}.Release|Any CPU.ActiveCfg = Release|Any CPU
		{B4F83DE0-D292-47AE-8F5F-16BFCCF5FBF3}.Release|x64.ActiveCfg = Release|Any CPU
		{B4F83DE0-D292-47AE-8F5F-16BFCCF5FBF3}.Release|x86.ActiveCfg = Release|Any CPU
		{BA5DF3E2-0D91-4892-8899-4E0AF7D24B4C}.Debug|Any CPU.ActiveCfg = Debug|Win32
		{BA5DF3E2-0D91-4892-8899-4E0AF7D24B4C}.Debug|x64.ActiveCfg = Debug|x64
		{BA5DF3E2-0D91-4892-8899-4E0AF7D24B4C}.Debug|x64.Build.0 = Debug|x64
		{BA5DF3E2-0D91-4892-8899-4E0AF7D24B4C}.Debug|x86.ActiveCfg = Debug|Win32
		{BA5DF3E2-0D91-4892-8899-4E0AF7D24B4C}.Debug|x86.Build.0 = Debug|Win32
		{BA5DF3E2-0D91-4892-8899-4E0AF7D24B4C}.Release|Any CPU.ActiveCfg = Release|Win32
		{BA5DF3E2-0D91-4892-8899-4E0AF7D24B4C}.Release|x64.ActiveCfg = Release|x64
		{BA5DF3E2-0D91-4892-8899-4E0AF7D24B4C}.Release|x64.Build.0 = Release|x64
		{BA5DF3E2-0D91-4892-8899-4E0AF7D24B4C}.Release|x86.ActiveCfg = Release|Win32
		{BA5DF3E2-0D91-4892-8899-4E0AF7D24B4C}.Release|x86.Build.0 = Release|Win32
		{7C44EC0B-A089-43D9-ABB5-F09509BB05E9}.Debug|Any CPU.ActiveCfg = Debug|Win32
		{7C44EC0B-A089-43D9-ABB5-F09509BB05E9}.Debug|x64.ActiveCfg = Debug|x64
		{7C44EC0B-A089-43D9-ABB5-F09509BB05E9}.Debug|x64.Build.0 = Debug|x64
		{7C44EC0B-A089-43D9-ABB5-F09509BB05E9}.Debug|x86.ActiveCfg = Debug|Win32
		{7C44EC0B-A089-43D9-ABB5-F09509BB05E9}.Debug|x86.Build.0 = Debug|Win32
		{7C44EC0B-A089-43D9-ABB5-F09509BB05E9}.Release|Any CPU.ActiveCfg = Release|Win32
		{7C44EC0B-A089-43D9-ABB5-F09509BB05E9}.Release|x64.ActiveCfg = Release|x64
		{7C44EC0B-A089-43D9-ABB5-F09509BB05E9}.Release|x64.Build.0 = Release|x64
		{7C44EC0B-A089-43D9-ABB5-F09509BB05E9}.Release|x86.ActiveCfg = Release|Win32
		{7C44EC0B-A089-43D9-ABB5-F09509BB05E9}.Release|x86.Build.0 = Release|Win32
	EndGlobalSection
	GlobalSection(SolutionProperties) = preSolution
		HideSolutionNode = FALSE
	EndGlobalSection
	GlobalSection(ExtensibilityGlobals) = postSolution
		SolutionGuid = {681525EF-175F-4043-8579-2ACCCDA6D411}
	EndGlobalSection
EndGlobal
