<?xml version="1.0" encoding="utf-8"?>
<Project ToolsVersion="4.0" xmlns="http://schemas.microsoft.com/developer/msbuild/2003">
  <ItemGroup>
    <Filter Include="Source Files">
      <UniqueIdentifier>{4FC737F1-C7A5-4376-A066-2A32D752A2FF}</UniqueIdentifier>
      <Extensions>cpp;c;cc;cxx;def;odl;idl;hpj;bat;asm;asmx</Extensions>
    </Filter>
    <Filter Include="Header Files">
      <UniqueIdentifier>{93995380-89BD-4b04-88EB-625FBE52EBFB}</UniqueIdentifier>
      <Extensions>h;hh;hpp;hxx;hm;inl;inc;ipp;xsd</Extensions>
    </Filter>
    <Filter Include="Resource Files">
      <UniqueIdentifier>{67DA6AB6-F800-4c08-8B7A-83BB121AAD01}</UniqueIdentifier>
      <Extensions>rc;ico;cur;bmp;dlg;rc2;rct;bin;rgs;gif;jpg;jpeg;jpe;resx;tiff;tif;png;wav;mfcribbon-ms</Extensions>
    </Filter>
  </ItemGroup>
  <ItemGroup>
    <ClCompile Include="dllmain.cpp">
      <Filter>Source Files</Filter>
    </ClCompile>
    <ClCompile Include="Core\Feature\Attribute\Bag\BagAttribute.cpp">
      <Filter>Source Files</Filter>
    </ClCompile>
    <ClCompile Include="Core\Feature\Attribute\Warehouse\WarehouseAttribute.cpp">
      <Filter>Source Files</Filter>
    </ClCompile>
    <ClCompile Include="Core\Feature\GameMemory\GameMemory.cpp">
      <Filter>Source Files</Filter>
    </ClCompile>
    <ClCompile Include="Core\Feature\Searcher\ObjectSearcher.cpp">
      <Filter>Source Files</Filter>
    </ClCompile>
    <ClCompile Include="Core\Object\AttributeObject.cpp">
      <Filter>Source Files</Filter>
    </ClCompile>
    <ClCompile Include="Core\Object\BaseObject.cpp">
      <Filter>Source Files</Filter>
    </ClCompile>
    <ClCompile Include="Core\Object\Chest.cpp">
      <Filter>Source Files</Filter>
    </ClCompile>
    <ClCompile Include="Core\Object\Item.cpp">
      <Filter>Source Files</Filter>
    </ClCompile>
    <ClCompile Include="Core\Object\Monster.cpp">
      <Filter>Source Files</Filter>
    </ClCompile>
    <ClCompile Include="Core\Object\Npc.cpp">
      <Filter>Source Files</Filter>
    </ClCompile>
    <ClCompile Include="Core\Object\Person.cpp">
      <Filter>Source Files</Filter>
    </ClCompile>
    <ClCompile Include="Core\Object\Player.cpp">
      <Filter>Source Files</Filter>
    </ClCompile>
    <ClCompile Include="Core\Object\WorldItem.cpp">
      <Filter>Source Files</Filter>
    </ClCompile>
    <ClCompile Include="Expr\CmdExpr.cpp">
      <Filter>Source Files</Filter>
    </ClCompile>
    <ClCompile Include="Core\Feature\EchoAction\GameMouse.cpp">
      <Filter>Source Files</Filter>
    </ClCompile>
    <ClCompile Include="Core\Feature\EchoAction\PersonAction.cpp">
      <Filter>Source Files</Filter>
    </ClCompile>
    <ClCompile Include="Core\Login\GameLogin.cpp">
      <Filter>Source Files</Filter>
    </ClCompile>
    <ClCompile Include="Core\Feature\Clean\ItemClean.cpp">
      <Filter>Source Files</Filter>
    </ClCompile>
    <ClCompile Include="Core\Feature\Config\FileConfig.cpp">
      <Filter>Source Files</Filter>
    </ClCompile>
    <ClCompile Include="Core\Feature\Attribute\Ui\UiAttribute.cpp">
      <Filter>Source Files</Filter>
    </ClCompile>
    <ClCompile Include="Core\Feature\Attribute\State\StateAttribute.cpp">
      <Filter>Source Files</Filter>
    </ClCompile>
  </ItemGroup>
  <ItemGroup>
    <ClInclude Include="Core\Feature\Attribute\Bag\BagAttribute.h">
      <Filter>Header Files</Filter>
    </ClInclude>
    <ClInclude Include="Core\Feature\Attribute\Warehouse\WarehouseAttribute.h">
      <Filter>Header Files</Filter>
    </ClInclude>
    <ClInclude Include="Core\Feature\GameMemory\GameMemory.h">
      <Filter>Header Files</Filter>
    </ClInclude>
    <ClInclude Include="Core\Feature\Searcher\ObjectSearcher.h">
      <Filter>Header Files</Filter>
    </ClInclude>
    <ClInclude Include="Core\Object\AttributeObject.h">
      <Filter>Header Files</Filter>
    </ClInclude>
    <ClInclude Include="Core\Object\BaseObject.h">
      <Filter>Header Files</Filter>
    </ClInclude>
    <ClInclude Include="Core\Object\Chest.h">
      <Filter>Header Files</Filter>
    </ClInclude>
    <ClInclude Include="Core\Object\Item.h">
      <Filter>Header Files</Filter>
    </ClInclude>
    <ClInclude Include="Core\Object\Monster.h">
      <Filter>Header Files</Filter>
    </ClInclude>
    <ClInclude Include="Core\Object\Npc.h">
      <Filter>Header Files</Filter>
    </ClInclude>
    <ClInclude Include="Core\Object\Person.h">
      <Filter>Header Files</Filter>
    </ClInclude>
    <ClInclude Include="Core\Object\Player.h">
      <Filter>Header Files</Filter>
    </ClInclude>
    <ClInclude Include="Core\Object\WorldItem.h">
      <Filter>Header Files</Filter>
    </ClInclude>
    <ClInclude Include="Expr\CmdExpr.h">
      <Filter>Header Files</Filter>
    </ClInclude>
    <ClInclude Include="Core\Feature\EchoAction\GameMouse.h">
      <Filter>Header Files</Filter>
    </ClInclude>
    <ClInclude Include="Core\Feature\EchoAction\PersonAction.h">
      <Filter>Header Files</Filter>
    </ClInclude>
    <ClInclude Include="Core\Login\GameLogin.h">
      <Filter>Header Files</Filter>
    </ClInclude>
    <ClInclude Include="Core\Feature\Clean\ItemClean.h">
      <Filter>Header Files</Filter>
    </ClInclude>
    <ClInclude Include="Core\Feature\Config\FileConfig.h">
      <Filter>Header Files</Filter>
    </ClInclude>
    <ClInclude Include="Core\Feature\Attribute\Ui\UiAttribute.h">
      <Filter>Header Files</Filter>
    </ClInclude>
    <ClInclude Include="Core\Feature\Attribute\State\StateAttribute.h">
      <Filter>Header Files</Filter>
    </ClInclude>
  </ItemGroup>
</Project>